
Microsoft Visual Studio Solution File, Format Version 12.00
# Visual Studio Version 16
VisualStudioVersion = 16.0.31624.102
MinimumVisualStudioVersion = 10.0.40219.1
Project("{9A19103F-16F7-4668-BE54-9A1E7A4F7556}") = "InfoOf", "InfoOf\InfoOf.csproj", "{A7097FE8-3BD9-4C7F-A74D-6915C261AA77}"
EndProject
Project("{FAE04EC0-301F-11D3-BF4B-00C04F79EFBC}") = "InfoOf.Tests", "InfoOf.Tests\InfoOf.Tests.csproj", "{9A8C8A1E-88CB-4449-BE7F-9AE2389EFF55}"
EndProject
Global
	GlobalSection(SolutionConfigurationPlatforms) = preSolution
		Debug|Any CPU = Debug|Any CPU
		Release|Any CPU = Release|Any CPU
	EndGlobalSection
	GlobalSection(ProjectConfigurationPlatforms) = postSolution
		{A7097FE8-3BD9-4C7F-A74D-6915C261AA77}.Debug|Any CPU.ActiveCfg = Debug|Any CPU
		{A7097FE8-3BD9-4C7F-A74D-6915C261AA77}.Debug|Any CPU.Build.0 = Debug|Any CPU
		{A7097FE8-3BD9-4C7F-A74D-6915C261AA77}.Release|Any CPU.ActiveCfg = Release|Any CPU
		{A7097FE8-3BD9-4C7F-A74D-6915C261AA77}.Release|Any CPU.Build.0 = Release|Any CPU
		{9A8C8A1E-88CB-4449-BE7F-9AE2389EFF55}.Debug|Any CPU.ActiveCfg = Debug|Any CPU
		{9A8C8A1E-88CB-4449-BE7F-9AE2389EFF55}.Debug|Any CPU.Build.0 = Debug|Any CPU
		{9A8C8A1E-88CB-4449-BE7F-9AE2389EFF55}.Release|Any CPU.ActiveCfg = Release|Any CPU
		{9A8C8A1E-88CB-4449-BE7F-9AE2389EFF55}.Release|Any CPU.Build.0 = Release|Any CPU
	EndGlobalSection
	GlobalSection(SolutionProperties) = preSolution
		HideSolutionNode = FALSE
	EndGlobalSection
	GlobalSection(ExtensibilityGlobals) = postSolution
		SolutionGuid = {ADEECEAC-B110-4F50-8CFD-8DA29540D771}
	EndGlobalSection
EndGlobal
